<?xml version="1.0" encoding="utf-8"?>
<Project ToolsVersion="4.0" xmlns="http://schemas.microsoft.com/developer/msbuild/2003">
  <ItemGroup>
    <ClCompile Include="forwardlight_capsulelight.cpp" />
  </ItemGroup>
  <ItemGroup>
    <CustomBuild Include="..\..\..\Media\forwardlight_capsulelight\hlsl.fx" />
  </ItemGroup>
</Project>